
Microsoft Visual Studio Solution File, Format Version 12.00
# Visual Studio 15
VisualStudioVersion = 15.0.28307.1267
MinimumVisualStudioVersion = 10.0.40219.1
Project("{FAE04EC0-301F-11D3-BF4B-00C04F79EFBC}") = "UltraGridProva", "UltraProva\UltraGridProva.csproj", "{B8BE9A58-6001-430B-B4E2-0B9E3248E2E8}"
EndProject
Project("{FAE04EC0-301F-11D3-BF4B-00C04F79EFBC}") = "infraFormulaFiltri", "infraFormulaFiltri\infraFormulaFiltri\infraFormulaFiltri.csproj", "{B11793BE-EB27-448F-85D5-E7B06A1FE9DB}"
EndProject
Global
	GlobalSection(SolutionConfigurationPlatforms) = preSolution
		Debug|Any CPU = Debug|Any CPU
		Release|Any CPU = Release|Any CPU
	EndGlobalSection
	GlobalSection(ProjectConfigurationPlatforms) = postSolution
		{B8BE9A58-6001-430B-B4E2-0B9E3248E2E8}.Debug|Any CPU.ActiveCfg = Debug|Any CPU
		{B8BE9A58-6001-430B-B4E2-0B9E3248E2E8}.Debug|Any CPU.Build.0 = Debug|Any CPU
		{B8BE9A58-6001-430B-B4E2-0B9E3248E2E8}.Release|Any CPU.ActiveCfg = Release|Any CPU
		{B8BE9A58-6001-430B-B4E2-0B9E3248E2E8}.Release|Any CPU.Build.0 = Release|Any CPU
		{B11793BE-EB27-448F-85D5-E7B06A1FE9DB}.Debug|Any CPU.ActiveCfg = Debug|Any CPU
		{B11793BE-EB27-448F-85D5-E7B06A1FE9DB}.Debug|Any CPU.Build.0 = Debug|Any CPU
		{B11793BE-EB27-448F-85D5-E7B06A1FE9DB}.Release|Any CPU.ActiveCfg = Release|Any CPU
		{B11793BE-EB27-448F-85D5-E7B06A1FE9DB}.Release|Any CPU.Build.0 = Release|Any CPU
	EndGlobalSection
	GlobalSection(SolutionProperties) = preSolution
		HideSolutionNode = FALSE
	EndGlobalSection
	GlobalSection(ExtensibilityGlobals) = postSolution
		SolutionGuid = {73539AD7-B58A-4E89-A25A-6A680508EA30}
	EndGlobalSection
EndGlobal
